
Microsoft Visual Studio Solution File, Format Version 12.00
Project("{FAE04EC0-301F-11D3-BF4B-00C04F79EFBC}") = "prednaska1", "prednaska1\prednaska1.csproj", "{D8DBA17E-BB23-47F9-A2A6-34224F9D323E}"
EndProject
Project("{FAE04EC0-301F-11D3-BF4B-00C04F79EFBC}") = "cviko1", "cviko1\cviko1.csproj", "{B9AC8DA5-FE97-493F-824C-2606E4DD0D6C}"
EndProject
Project("{FAE04EC0-301F-11D3-BF4B-00C04F79EFBC}") = "cv6_ukol", "cv6_ukol\cv6_ukol.csproj", "{53BB36F3-92C3-41A1-9E87-5900FE6CCEBC}"
EndProject
Project("{FAE04EC0-301F-11D3-BF4B-00C04F79EFBC}") = "prednaska2", "prednaska2\prednaska2.csproj", "{D7DCEF97-7B08-4BBA-9AEC-9E34161DC22D}"
EndProject
Project("{FAE04EC0-301F-11D3-BF4B-00C04F79EFBC}") = "cviko2_builder", "cviko2_builder\cviko2_builder.csproj", "{EC41D4FE-114A-4975-AB71-2A4602E700C4}"
EndProject
Project("{FAE04EC0-301F-11D3-BF4B-00C04F79EFBC}") = "cv4_bridge", "cv4_bridge\cv4_bridge.csproj", "{94B3134F-C066-41EF-906D-FD246204ADD0}"
EndProject
Project("{FAE04EC0-301F-11D3-BF4B-00C04F79EFBC}") = "cv4_decorator", "cv4_decorator\cv4_decorator.csproj", "{CC4CE104-03DF-46B4-89E2-9223FEFF3071}"
EndProject
Global
	GlobalSection(SolutionConfigurationPlatforms) = preSolution
		Debug|Any CPU = Debug|Any CPU
		Release|Any CPU = Release|Any CPU
	EndGlobalSection
	GlobalSection(ProjectConfigurationPlatforms) = postSolution
		{D8DBA17E-BB23-47F9-A2A6-34224F9D323E}.Debug|Any CPU.ActiveCfg = Debug|Any CPU
		{D8DBA17E-BB23-47F9-A2A6-34224F9D323E}.Debug|Any CPU.Build.0 = Debug|Any CPU
		{D8DBA17E-BB23-47F9-A2A6-34224F9D323E}.Release|Any CPU.ActiveCfg = Release|Any CPU
		{D8DBA17E-BB23-47F9-A2A6-34224F9D323E}.Release|Any CPU.Build.0 = Release|Any CPU
		{B9AC8DA5-FE97-493F-824C-2606E4DD0D6C}.Debug|Any CPU.ActiveCfg = Debug|Any CPU
		{B9AC8DA5-FE97-493F-824C-2606E4DD0D6C}.Debug|Any CPU.Build.0 = Debug|Any CPU
		{B9AC8DA5-FE97-493F-824C-2606E4DD0D6C}.Release|Any CPU.ActiveCfg = Release|Any CPU
		{B9AC8DA5-FE97-493F-824C-2606E4DD0D6C}.Release|Any CPU.Build.0 = Release|Any CPU
		{53BB36F3-92C3-41A1-9E87-5900FE6CCEBC}.Debug|Any CPU.ActiveCfg = Debug|Any CPU
		{53BB36F3-92C3-41A1-9E87-5900FE6CCEBC}.Debug|Any CPU.Build.0 = Debug|Any CPU
		{53BB36F3-92C3-41A1-9E87-5900FE6CCEBC}.Release|Any CPU.ActiveCfg = Release|Any CPU
		{53BB36F3-92C3-41A1-9E87-5900FE6CCEBC}.Release|Any CPU.Build.0 = Release|Any CPU
		{D7DCEF97-7B08-4BBA-9AEC-9E34161DC22D}.Debug|Any CPU.ActiveCfg = Debug|Any CPU
		{D7DCEF97-7B08-4BBA-9AEC-9E34161DC22D}.Debug|Any CPU.Build.0 = Debug|Any CPU
		{D7DCEF97-7B08-4BBA-9AEC-9E34161DC22D}.Release|Any CPU.ActiveCfg = Release|Any CPU
		{D7DCEF97-7B08-4BBA-9AEC-9E34161DC22D}.Release|Any CPU.Build.0 = Release|Any CPU
		{EC41D4FE-114A-4975-AB71-2A4602E700C4}.Debug|Any CPU.ActiveCfg = Debug|Any CPU
		{EC41D4FE-114A-4975-AB71-2A4602E700C4}.Debug|Any CPU.Build.0 = Debug|Any CPU
		{EC41D4FE-114A-4975-AB71-2A4602E700C4}.Release|Any CPU.ActiveCfg = Release|Any CPU
		{EC41D4FE-114A-4975-AB71-2A4602E700C4}.Release|Any CPU.Build.0 = Release|Any CPU
		{94B3134F-C066-41EF-906D-FD246204ADD0}.Debug|Any CPU.ActiveCfg = Debug|Any CPU
		{94B3134F-C066-41EF-906D-FD246204ADD0}.Debug|Any CPU.Build.0 = Debug|Any CPU
		{94B3134F-C066-41EF-906D-FD246204ADD0}.Release|Any CPU.ActiveCfg = Release|Any CPU
		{94B3134F-C066-41EF-906D-FD246204ADD0}.Release|Any CPU.Build.0 = Release|Any CPU
		{CC4CE104-03DF-46B4-89E2-9223FEFF3071}.Debug|Any CPU.ActiveCfg = Debug|Any CPU
		{CC4CE104-03DF-46B4-89E2-9223FEFF3071}.Debug|Any CPU.Build.0 = Debug|Any CPU
		{CC4CE104-03DF-46B4-89E2-9223FEFF3071}.Release|Any CPU.ActiveCfg = Release|Any CPU
		{CC4CE104-03DF-46B4-89E2-9223FEFF3071}.Release|Any CPU.Build.0 = Release|Any CPU
	EndGlobalSection
EndGlobal
