
Microsoft Visual Studio Solution File, Format Version 12.00
# Visual Studio Version 17
VisualStudioVersion = 17.13.35825.156 d17.13
MinimumVisualStudioVersion = 10.0.40219.1
Project("{FAE04EC0-301F-11D3-BF4B-00C04F79EFBC}") = "Razor_GUI", "Razor_GUI\Razor_GUI.csproj", "{9226D2B2-4966-4649-A7CD-DF6DA7AA6EE3}"
EndProject
Global
	GlobalSection(SolutionConfigurationPlatforms) = preSolution
		Debug|Any CPU = Debug|Any CPU
		Release|Any CPU = Release|Any CPU
	EndGlobalSection
	GlobalSection(ProjectConfigurationPlatforms) = postSolution
		{9226D2B2-4966-4649-A7CD-DF6DA7AA6EE3}.Debug|Any CPU.ActiveCfg = Debug|Any CPU
		{9226D2B2-4966-4649-A7CD-DF6DA7AA6EE3}.Debug|Any CPU.Build.0 = Debug|Any CPU
		{9226D2B2-4966-4649-A7CD-DF6DA7AA6EE3}.Release|Any CPU.ActiveCfg = Release|Any CPU
		{9226D2B2-4966-4649-A7CD-DF6DA7AA6EE3}.Release|Any CPU.Build.0 = Release|Any CPU
	EndGlobalSection
	GlobalSection(SolutionProperties) = preSolution
		HideSolutionNode = FALSE
	EndGlobalSection
	GlobalSection(ExtensibilityGlobals) = postSolution
		SolutionGuid = {5B89D879-18E7-41F1-8CCD-0601348C3B36}
	EndGlobalSection
EndGlobal
